
Microsoft Visual Studio Solution File, Format Version 12.00
# Visual Studio Version 17
VisualStudioVersion = 17.3.32728.150
MinimumVisualStudioVersion = 10.0.40219.1
Project("{FAE04EC0-301F-11D3-BF4B-00C04F79EFBC}") = "Check-SHA256-Of-A-File", "Check-SHA256-Of-A-File.csproj", "{DEAB5EE2-87ED-423B-A096-CF4750101134}"
EndProject
Global
	GlobalSection(SolutionConfigurationPlatforms) = preSolution
		Debug|Any CPU = Debug|Any CPU
		Release|Any CPU = Release|Any CPU
	EndGlobalSection
	GlobalSection(ProjectConfigurationPlatforms) = postSolution
		{DEAB5EE2-87ED-423B-A096-CF4750101134}.Debug|Any CPU.ActiveCfg = Debug|Any CPU
		{DEAB5EE2-87ED-423B-A096-CF4750101134}.Debug|Any CPU.Build.0 = Debug|Any CPU
		{DEAB5EE2-87ED-423B-A096-CF4750101134}.Release|Any CPU.ActiveCfg = Release|Any CPU
		{DEAB5EE2-87ED-423B-A096-CF4750101134}.Release|Any CPU.Build.0 = Release|Any CPU
	EndGlobalSection
	GlobalSection(SolutionProperties) = preSolution
		HideSolutionNode = FALSE
	EndGlobalSection
	GlobalSection(ExtensibilityGlobals) = postSolution
		SolutionGuid = {C8D75A3D-3491-4962-AF43-3550B119E8C8}
	EndGlobalSection
EndGlobal
